
Microsoft Visual Studio Solution File, Format Version 12.00
# Visual Studio Version 17
VisualStudioVersion = 17.8.34330.188
MinimumVisualStudioVersion = 10.0.40219.1
Project("{8BC9CEB8-8B4A-11D0-8D11-00A0C91BC942}") = "Simple 8-bit Processor Emulator", "Simple 8-bit Processor Emulator\Simple 8-bit Processor Emulator.vcxproj", "{2BEDB92A-2B11-4279-99E5-B59233A8D6EF}"
EndProject
Global
	GlobalSection(SolutionConfigurationPlatforms) = preSolution
		Debug|x64 = Debug|x64
		Debug|x86 = Debug|x86
		Release|x64 = Release|x64
		Release|x86 = Release|x86
	EndGlobalSection
	GlobalSection(ProjectConfigurationPlatforms) = postSolution
		{2BEDB92A-2B11-4279-99E5-B59233A8D6EF}.Debug|x64.ActiveCfg = Debug|x64
		{2BEDB92A-2B11-4279-99E5-B59233A8D6EF}.Debug|x64.Build.0 = Debug|x64
		{2BEDB92A-2B11-4279-99E5-B59233A8D6EF}.Debug|x86.ActiveCfg = Debug|Win32
		{2BEDB92A-2B11-4279-99E5-B59233A8D6EF}.Debug|x86.Build.0 = Debug|Win32
		{2BEDB92A-2B11-4279-99E5-B59233A8D6EF}.Release|x64.ActiveCfg = Release|x64
		{2BEDB92A-2B11-4279-99E5-B59233A8D6EF}.Release|x64.Build.0 = Release|x64
		{2BEDB92A-2B11-4279-99E5-B59233A8D6EF}.Release|x86.ActiveCfg = Release|Win32
		{2BEDB92A-2B11-4279-99E5-B59233A8D6EF}.Release|x86.Build.0 = Release|Win32
	EndGlobalSection
	GlobalSection(SolutionProperties) = preSolution
		HideSolutionNode = FALSE
	EndGlobalSection
	GlobalSection(ExtensibilityGlobals) = postSolution
		SolutionGuid = {7DC41076-A57E-47EA-851D-14B0B74CC3A1}
	EndGlobalSection
EndGlobal
